version = 1
revision = 3
requires-python = "==3.10.*"

[[package]]
name = "bitarray"
version = "3.7.1"
source = { registry = "https://pypi.org/simple" }
sdist = { url = "https://files.pythonhosted.org/packages/99/b6/282f5f0331b3877d4e79a8aa1cf63b5113a10f035a39bef1fa1dfe9e9e09/bitarray-3.7.1.tar.gz", hash = "sha256:795b1760418ab750826420ae24f06f392c08e21dc234f0a369a69cc00444f8ec", size = 150474, upload-time = "2025-08-28T22:18:15.346Z" }
wheels = [
    { url = "https://files.pythonhosted.org/packages/42/98/bafe556fe4d97a975fa5c31965aaa282388cc91073aca57a2de206745b11/bitarray-3.7.1-cp310-cp310-macosx_10_9_x86_64.whl", hash = "sha256:a05982bb49c73463cb0f0f4bed2d8da82631708a2c2d1926107ba99651b419ec", size = 147651, upload-time = "2025-08-28T22:14:53.043Z" },
    { url = "https://files.pythonhosted.org/packages/03/87/639c1e4d869ecd7c23d517c326bfee7ab43ade5d5bd0f6ad3373edc861a8/bitarray-3.7.1-cp310-cp310-macosx_11_0_arm64.whl", hash = "sha256:d30e7daaf228e3d69cdd8b02c0dd4199cec034c4b93c80109f56f4675a6db957", size = 143967, upload-time = "2025-08-28T22:14:55.333Z" },
    { url = "https://files.pythonhosted.org/packages/24/e9/8248a05b35f3e3667ceb103febb0d687d3f7314e4692b2048d21ed943a4e/bitarray-3.7.1-cp310-cp310-manylinux_2_17_aarch64.manylinux2014_aarch64.whl", hash = "sha256:160f449bb91686f8fc9984200e78b8d793b79e382decf7eb1dc9948d7c21b36f", size = 319901, upload-time = "2025-08-28T22:14:56.742Z" },
    { url = "https://files.pythonhosted.org/packages/de/e8/47f9d8eebb793b6828baf76027b9eefc4e5e09f32b84a25821c4bc19c3c4/bitarray-3.7.1-cp310-cp310-manylinux_2_17_ppc64le.manylinux2014_ppc64le.whl", hash = "sha256:6542e1cfe060badd160cd383ad93a84871595c14bb05fb8129f963248affd946", size = 339005, upload-time = "2025-08-28T22:14:58.291Z" },
    { url = "https://files.pythonhosted.org/packages/61/73/2c4695e5acd89d9904c5b3bea7b5b06df86dea15653eee6008881d18a632/bitarray-3.7.1-cp310-cp310-manylinux_2_17_s390x.manylinux2014_s390x.whl", hash = "sha256:b723f9d10f7d8259f010b87fa66e924bb4d67927d9dcff4526a755e9ee84fef4", size = 329495, upload-time = "2025-08-28T22:14:59.722Z" },
    { url = "https://files.pythonhosted.org/packages/0f/d9/dc17b9f5b7b750dc9183db0520e197f1ca635dedd48e37ad00ca450d2fab/bitarray-3.7.1-cp310-cp310-manylinux_2_17_x86_64.manylinux2014_x86_64.whl", hash = "sha256:ca4b6298c89b92d6b0a67dfc5f98d68ae92b08101d227263ef2033b9c9a03a72", size = 322141, upload-time = "2025-08-28T22:15:00.829Z" },
    { url = "https://files.pythonhosted.org/packages/a7/45/8fb00265c1b0313070e0a4b09a2f585fd3ee174aaa5352d971069983c983/bitarray-3.7.1-cp310-cp310-manylinux_2_5_i686.manylinux1_i686.manylinux_2_17_i686.manylinux2014_i686.whl", hash = "sha256:567d6891cb1ddbfd0051fcff3cb1bb86efc82ec818d9c5f98c37d59c1d23cc96", size = 310422, upload-time = "2025-08-28T22:15:01.964Z" },
    { url = "https://files.pythonhosted.org/packages/f6/77/04cb016694ae16ffe1a146f1a764b79e71f3ddbc7b9d78069594507c9762/bitarray-3.7.1-cp310-cp310-musllinux_1_2_aarch64.whl", hash = "sha256:37a6a8382864a1defb5b370b66a635e04358c7334054457bbbb8645610cd95b2", size = 314796, upload-time = "2025-08-28T22:15:04.468Z" },
    { url = "https://files.pythonhosted.org/packages/b5/4f/8e15934995c5362e645ea27d9521e6b29953dc9f8df59e74525c8022e347/bitarray-3.7.1-cp310-cp310-musllinux_1_2_i686.whl", hash = "sha256:01e3ba46c2dee6d47a4ab22561a01d8ee6772f681defc9fcb357097a055e48cf", size = 311222, upload-time = "2025-08-28T22:15:05.846Z" },
    { url = "https://files.pythonhosted.org/packages/f4/d2/9cc6df1ab5b9d10904bf78820e2427cf9b373376ca82af64a0b31eff7b31/bitarray-3.7.1-cp310-cp310-musllinux_1_2_ppc64le.whl", hash = "sha256:477b9456eb7d70f385dc8f097a1d66ee40771b62e47b3b3e33406dcfbc1c6a3b", size = 339685, upload-time = "2025-08-28T22:15:06.992Z" },
    { url = "https://files.pythonhosted.org/packages/ed/6d/b79e5e545a928270445c6916cf2d7613a8a8434eee8de023c900a0a08e15/bitarray-3.7.1-cp310-cp310-musllinux_1_2_s390x.whl", hash = "sha256:2965fd8ba31b04c42e4b696fad509dc5ab50663efca6eb06bb3b6d08587f3a09", size = 339660, upload-time = "2025-08-28T22:15:08.068Z" },
    { url = "https://files.pythonhosted.org/packages/e9/33/8b836518ba16a85c75c177aa0d6658e843b4b0c1ec5994fb9f1b28e9440d/bitarray-3.7.1-cp310-cp310-musllinux_1_2_x86_64.whl", hash = "sha256:cc76ad7453816318d794248fba4032967eaffd992d76e5d1af10ef9d46589770", size = 320079, upload-time = "2025-08-28T22:15:09.276Z" },
    { url = "https://files.pythonhosted.org/packages/7b/8e/87603ccf798c99296fdb26b9297350f44f87cb2aced76d3b8b0446ac8cd2/bitarray-3.7.1-cp310-cp310-win32.whl", hash = "sha256:d3f38373d9b2629dedc559e647010541cc4ec4ad9bea560e2eb1017e6a00d9ef", size = 141228, upload-time = "2025-08-28T22:15:10.383Z" },
    { url = "https://files.pythonhosted.org/packages/50/06/7003c5520d2bb36edb68b016b1a83ddd5946da67b9d9982b12a8ef68d706/bitarray-3.7.1-cp310-cp310-win_amd64.whl", hash = "sha256:e39f5e85e1e3d7d84ac2217cd095b3678306c979e991532df47012880e02215d", size = 147988, upload-time = "2025-08-28T22:15:11.718Z" },
    { url = "https://files.pythonhosted.org/packages/58/1f/80316ba4ed605d005efeb0b09c97cecde2c66ac4deae9d1d698670e1525f/bitarray-3.7.1-pp310-pypy310_pp73-macosx_10_15_x86_64.whl", hash = "sha256:c9bf2bf29854f165a47917b8782b6cf3a7d602971bf454806208d0cbb96f797a", size = 143423, upload-time = "2025-08-28T22:17:37.879Z" },
    { url = "https://files.pythonhosted.org/packages/9e/c3/52a491e18ba41911455f145906b20898fe8e7955d0bcc5b20207bf2aba09/bitarray-3.7.1-pp310-pypy310_pp73-macosx_11_0_arm64.whl", hash = "sha256:002b73bf4a9f7b3ecb02260bd4dd332a6ee4d7f74ee9779a1ef342a36244d0cf", size = 139870, upload-time = "2025-08-28T22:17:39.266Z" },
    { url = "https://files.pythonhosted.org/packages/46/df/4674d16f39841fc71db6ecc6298390cbb91a7dd8c4eccd55248a4ddced06/bitarray-3.7.1-pp310-pypy310_pp73-manylinux_2_17_aarch64.manylinux2014_aarch64.whl", hash = "sha256:481239cd0966f965c2b8fa78b88614be5f12a64e7773bb5feecc567d39bb2dd5", size = 148773, upload-time = "2025-08-28T22:17:40.81Z" },
    { url = "https://files.pythonhosted.org/packages/9b/85/9cd8bc811ab446491a5bdc47a70d6d51adb21e3b005b549d2fd5e04f5c7f/bitarray-3.7.1-pp310-pypy310_pp73-manylinux_2_17_x86_64.manylinux2014_x86_64.whl", hash = "sha256:f583a1fb180a123c00064fab1a3bfb9d43e574b6474be1be3f6469e0331e3e2e", size = 149609, upload-time = "2025-08-28T22:17:42.308Z" },
    { url = "https://files.pythonhosted.org/packages/ea/84/e413c51313a4093ed67f657d21519c5fc592bdb9129c0ab8c7bad226e2b8/bitarray-3.7.1-pp310-pypy310_pp73-manylinux_2_5_i686.manylinux1_i686.manylinux_2_17_i686.manylinux2014_i686.whl", hash = "sha256:3db0648536f3e08afa7ceb928153c39913f98fd50a5c3adf92a4d0d4268f213e", size = 151343, upload-time = "2025-08-28T22:17:43.749Z" },
    { url = "https://files.pythonhosted.org/packages/a5/4f/921176e539866a8f7428d92962861bbfa6104f2cea0cbdd578abe5768a83/bitarray-3.7.1-pp310-pypy310_pp73-win_amd64.whl", hash = "sha256:3875578748b484638f6ea776f534e9088cfb15eee131aac051036cba40fd5d05", size = 146847, upload-time = "2025-08-28T22:17:45.209Z" },
]

[[package]]
name = "charset-normalizer"
version = "3.4.3"
source = { registry = "https://pypi.org/simple" }
sdist = { url = "https://files.pythonhosted.org/packages/83/2d/5fd176ceb9b2fc619e63405525573493ca23441330fcdaee6bef9460e924/charset_normalizer-3.4.3.tar.gz", hash = "sha256:6fce4b8500244f6fcb71465d4a4930d132ba9ab8e71a7859e6a5d59851068d14", size = 122371, upload-time = "2025-08-09T07:57:28.46Z" }
wheels = [
    { url = "https://files.pythonhosted.org/packages/d6/98/f3b8013223728a99b908c9344da3aa04ee6e3fa235f19409033eda92fb78/charset_normalizer-3.4.3-cp310-cp310-macosx_10_9_universal2.whl", hash = "sha256:fb7f67a1bfa6e40b438170ebdc8158b78dc465a5a67b6dde178a46987b244a72", size = 207695, upload-time = "2025-08-09T07:55:36.452Z" },
    { url = "https://files.pythonhosted.org/packages/21/40/5188be1e3118c82dcb7c2a5ba101b783822cfb413a0268ed3be0468532de/charset_normalizer-3.4.3-cp310-cp310-manylinux2014_aarch64.manylinux_2_17_aarch64.manylinux_2_28_aarch64.whl", hash = "sha256:cc9370a2da1ac13f0153780040f465839e6cccb4a1e44810124b4e22483c93fe", size = 147153, upload-time = "2025-08-09T07:55:38.467Z" },
    { url = "https://files.pythonhosted.org/packages/37/60/5d0d74bc1e1380f0b72c327948d9c2aca14b46a9efd87604e724260f384c/charset_normalizer-3.4.3-cp310-cp310-manylinux2014_ppc64le.manylinux_2_17_ppc64le.manylinux_2_28_ppc64le.whl", hash = "sha256:07a0eae9e2787b586e129fdcbe1af6997f8d0e5abaa0bc98c0e20e124d67e601", size = 160428, upload-time = "2025-08-09T07:55:40.072Z" },
    { url = "https://files.pythonhosted.org/packages/85/9a/d891f63722d9158688de58d050c59dc3da560ea7f04f4c53e769de5140f5/charset_normalizer-3.4.3-cp310-cp310-manylinux2014_s390x.manylinux_2_17_s390x.manylinux_2_28_s390x.whl", hash = "sha256:74d77e25adda8581ffc1c720f1c81ca082921329452eba58b16233ab1842141c", size = 157627, upload-time = "2025-08-09T07:55:41.706Z" },
    { url = "https://files.pythonhosted.org/packages/65/1a/7425c952944a6521a9cfa7e675343f83fd82085b8af2b1373a2409c683dc/charset_normalizer-3.4.3-cp310-cp310-manylinux2014_x86_64.manylinux_2_17_x86_64.manylinux_2_28_x86_64.whl", hash = "sha256:d0e909868420b7049dafd3a31d45125b31143eec59235311fc4c57ea26a4acd2", size = 152388, upload-time = "2025-08-09T07:55:43.262Z" },
    { url = "https://files.pythonhosted.org/packages/f0/c9/a2c9c2a355a8594ce2446085e2ec97fd44d323c684ff32042e2a6b718e1d/charset_normalizer-3.4.3-cp310-cp310-musllinux_1_2_aarch64.whl", hash = "sha256:c6f162aabe9a91a309510d74eeb6507fab5fff92337a15acbe77753d88d9dcf0", size = 150077, upload-time = "2025-08-09T07:55:44.903Z" },
    { url = "https://files.pythonhosted.org/packages/3b/38/20a1f44e4851aa1c9105d6e7110c9d020e093dfa5836d712a5f074a12bf7/charset_normalizer-3.4.3-cp310-cp310-musllinux_1_2_ppc64le.whl", hash = "sha256:4ca4c094de7771a98d7fbd67d9e5dbf1eb73efa4f744a730437d8a3a5cf994f0", size = 161631, upload-time = "2025-08-09T07:55:46.346Z" },
    { url = "https://files.pythonhosted.org/packages/a4/fa/384d2c0f57edad03d7bec3ebefb462090d8905b4ff5a2d2525f3bb711fac/charset_normalizer-3.4.3-cp310-cp310-musllinux_1_2_s390x.whl", hash = "sha256:02425242e96bcf29a49711b0ca9f37e451da7c70562bc10e8ed992a5a7a25cc0", size = 159210, upload-time = "2025-08-09T07:55:47.539Z" },
    { url = "https://files.pythonhosted.org/packages/33/9e/eca49d35867ca2db336b6ca27617deed4653b97ebf45dfc21311ce473c37/charset_normalizer-3.4.3-cp310-cp310-musllinux_1_2_x86_64.whl", hash = "sha256:78deba4d8f9590fe4dae384aeff04082510a709957e968753ff3c48399f6f92a", size = 153739, upload-time = "2025-08-09T07:55:48.744Z" },
    { url = "https://files.pythonhosted.org/packages/2a/91/26c3036e62dfe8de8061182d33be5025e2424002125c9500faff74a6735e/charset_normalizer-3.4.3-cp310-cp310-win32.whl", hash = "sha256:d79c198e27580c8e958906f803e63cddb77653731be08851c7df0b1a14a8fc0f", size = 99825, upload-time = "2025-08-09T07:55:50.305Z" },
    { url = "https://files.pythonhosted.org/packages/e2/c6/f05db471f81af1fa01839d44ae2a8bfeec8d2a8b4590f16c4e7393afd323/charset_normalizer-3.4.3-cp310-cp310-win_amd64.whl", hash = "sha256:c6e490913a46fa054e03699c70019ab869e990270597018cef1d8562132c2669", size = 107452, upload-time = "2025-08-09T07:55:51.461Z" },
    { url = "https://files.pythonhosted.org/packages/8a/1f/f041989e93b001bc4e44bb1669ccdcf54d3f00e628229a85b08d330615c5/charset_normalizer-3.4.3-py3-none-any.whl", hash = "sha256:ce571ab16d890d23b5c278547ba694193a45011ff86a9162a71307ed9f86759a", size = 53175, upload-time = "2025-08-09T07:57:26.864Z" },
]

[[package]]
name = "markdown-it-py"
version = "4.0.0"
source = { registry = "https://pypi.org/simple" }
dependencies = [
    { name = "mdurl" },
]
sdist = { url = "https://files.pythonhosted.org/packages/5b/f5/4ec618ed16cc4f8fb3b701563655a69816155e79e24a17b651541804721d/markdown_it_py-4.0.0.tar.gz", hash = "sha256:cb0a2b4aa34f932c007117b194e945bd74e0ec24133ceb5bac59009cda1cb9f3", size = 73070, upload-time = "2025-08-11T12:57:52.854Z" }
wheels = [
    { url = "https://files.pythonhosted.org/packages/94/54/e7d793b573f298e1c9013b8c4dade17d481164aa517d1d7148619c2cedbf/markdown_it_py-4.0.0-py3-none-any.whl", hash = "sha256:87327c59b172c5011896038353a81343b6754500a08cd7a4973bb48c6d578147", size = 87321, upload-time = "2025-08-11T12:57:51.923Z" },
]

[[package]]
name = "mdurl"
version = "0.1.2"
source = { registry = "https://pypi.org/simple" }
sdist = { url = "https://files.pythonhosted.org/packages/d6/54/cfe61301667036ec958cb99bd3efefba235e65cdeb9c84d24a8293ba1d90/mdurl-0.1.2.tar.gz", hash = "sha256:bb413d29f5eea38f31dd4754dd7377d4465116fb207585f97bf925588687c1ba", size = 8729, upload-time = "2022-08-14T12:40:10.846Z" }
wheels = [
    { url = "https://files.pythonhosted.org/packages/b3/38/89ba8ad64ae25be8de66a6d463314cf1eb366222074cfda9ee839c56a4b4/mdurl-0.1.2-py3-none-any.whl", hash = "sha256:84008a41e51615a49fc9966191ff91509e3c40b939176e643fd50a5c2196b8f8", size = 9979, upload-time = "2022-08-14T12:40:09.779Z" },
]

[[package]]
name = "pdfreader"
version = "0.1.15"
source = { registry = "https://pypi.org/simple" }
dependencies = [
    { name = "bitarray" },
    { name = "pillow" },
    { name = "pycryptodome" },
    { name = "python-dateutil" },
]
sdist = { url = "https://files.pythonhosted.org/packages/d1/a7/30d10f94d700b6779de8c079d77cec21b7de497d9f4339b64f580cc4afaf/pdfreader-0.1.15.tar.gz", hash = "sha256:2ee1252cc5f21a2f8cadb458decd85c1313271abb5bac1e4363a3e0e17e2dd87", size = 2655995, upload-time = "2024-05-03T19:19:38.279Z" }
wheels = [
    { url = "https://files.pythonhosted.org/packages/49/66/b26fe92f2088f763e043d285ebeb0bb9353348bb9c7acb8ea0b237fd5342/pdfreader-0.1.15-py3-none-any.whl", hash = "sha256:bfd0d29c0d70a81b767b42b6959dd588a8290086c8c72a828739c1e2bda07eba", size = 135646, upload-time = "2024-05-03T19:19:35.921Z" },
]

[[package]]
name = "phoenix-a3000-verify"
version = "0.1.0"
source = { editable = "." }
dependencies = [
    { name = "charset-normalizer" },
    { name = "pdfreader" },
    { name = "rich" },
]

[package.metadata]
requires-dist = [
    { name = "charset-normalizer" },
    { name = "pdfreader" },
    { name = "rich" },
]

[[package]]
name = "pillow"
version = "11.3.0"
source = { registry = "https://pypi.org/simple" }
sdist = { url = "https://files.pythonhosted.org/packages/f3/0d/d0d6dea55cd152ce3d6767bb38a8fc10e33796ba4ba210cbab9354b6d238/pillow-11.3.0.tar.gz", hash = "sha256:3828ee7586cd0b2091b6209e5ad53e20d0649bbe87164a459d0676e035e8f523", size = 47113069, upload-time = "2025-07-01T09:16:30.666Z" }
wheels = [
    { url = "https://files.pythonhosted.org/packages/4c/5d/45a3553a253ac8763f3561371432a90bdbe6000fbdcf1397ffe502aa206c/pillow-11.3.0-cp310-cp310-macosx_10_10_x86_64.whl", hash = "sha256:1b9c17fd4ace828b3003dfd1e30bff24863e0eb59b535e8f80194d9cc7ecf860", size = 5316554, upload-time = "2025-07-01T09:13:39.342Z" },
    { url = "https://files.pythonhosted.org/packages/7c/c8/67c12ab069ef586a25a4a79ced553586748fad100c77c0ce59bb4983ac98/pillow-11.3.0-cp310-cp310-macosx_11_0_arm64.whl", hash = "sha256:65dc69160114cdd0ca0f35cb434633c75e8e7fad4cf855177a05bf38678f73ad", size = 4686548, upload-time = "2025-07-01T09:13:41.835Z" },
    { url = "https://files.pythonhosted.org/packages/2f/bd/6741ebd56263390b382ae4c5de02979af7f8bd9807346d068700dd6d5cf9/pillow-11.3.0-cp310-cp310-manylinux2014_aarch64.manylinux_2_17_aarch64.whl", hash = "sha256:7107195ddc914f656c7fc8e4a5e1c25f32e9236ea3ea860f257b0436011fddd0", size = 5859742, upload-time = "2025-07-03T13:09:47.439Z" },
    { url = "https://files.pythonhosted.org/packages/ca/0b/c412a9e27e1e6a829e6ab6c2dca52dd563efbedf4c9c6aa453d9a9b77359/pillow-11.3.0-cp310-cp310-manylinux2014_x86_64.manylinux_2_17_x86_64.whl", hash = "sha256:cc3e831b563b3114baac7ec2ee86819eb03caa1a2cef0b481a5675b59c4fe23b", size = 7633087, upload-time = "2025-07-03T13:09:51.796Z" },
    { url = "https://files.pythonhosted.org/packages/59/9d/9b7076aaf30f5dd17e5e5589b2d2f5a5d7e30ff67a171eb686e4eecc2adf/pillow-11.3.0-cp310-cp310-manylinux_2_27_aarch64.manylinux_2_28_aarch64.whl", hash = "sha256:f1f182ebd2303acf8c380a54f615ec883322593320a9b00438eb842c1f37ae50", size = 5963350, upload-time = "2025-07-01T09:13:43.865Z" },
    { url = "https://files.pythonhosted.org/packages/f0/16/1a6bf01fb622fb9cf5c91683823f073f053005c849b1f52ed613afcf8dae/pillow-11.3.0-cp310-cp310-manylinux_2_27_x86_64.manylinux_2_28_x86_64.whl", hash = "sha256:4445fa62e15936a028672fd48c4c11a66d641d2c05726c7ec1f8ba6a572036ae", size = 6631840, upload-time = "2025-07-01T09:13:46.161Z" },
    { url = "https://files.pythonhosted.org/packages/7b/e6/6ff7077077eb47fde78739e7d570bdcd7c10495666b6afcd23ab56b19a43/pillow-11.3.0-cp310-cp310-musllinux_1_2_aarch64.whl", hash = "sha256:71f511f6b3b91dd543282477be45a033e4845a40278fa8dcdbfdb07109bf18f9", size = 6074005, upload-time = "2025-07-01T09:13:47.829Z" },
    { url = "https://files.pythonhosted.org/packages/c3/3a/b13f36832ea6d279a697231658199e0a03cd87ef12048016bdcc84131601/pillow-11.3.0-cp310-cp310-musllinux_1_2_x86_64.whl", hash = "sha256:040a5b691b0713e1f6cbe222e0f4f74cd233421e105850ae3b3c0ceda520f42e", size = 6708372, upload-time = "2025-07-01T09:13:52.145Z" },
    { url = "https://files.pythonhosted.org/packages/6c/e4/61b2e1a7528740efbc70b3d581f33937e38e98ef3d50b05007267a55bcb2/pillow-11.3.0-cp310-cp310-win32.whl", hash = "sha256:89bd777bc6624fe4115e9fac3352c79ed60f3bb18651420635f26e643e3dd1f6", size = 6277090, upload-time = "2025-07-01T09:13:53.915Z" },
    { url = "https://files.pythonhosted.org/packages/a9/d3/60c781c83a785d6afbd6a326ed4d759d141de43aa7365725cbcd65ce5e54/pillow-11.3.0-cp310-cp310-win_amd64.whl", hash = "sha256:19d2ff547c75b8e3ff46f4d9ef969a06c30ab2d4263a9e287733aa8b2429ce8f", size = 6985988, upload-time = "2025-07-01T09:13:55.699Z" },
    { url = "https://files.pythonhosted.org/packages/9f/28/4f4a0203165eefb3763939c6789ba31013a2e90adffb456610f30f613850/pillow-11.3.0-cp310-cp310-win_arm64.whl", hash = "sha256:819931d25e57b513242859ce1876c58c59dc31587847bf74cfe06b2e0cb22d2f", size = 2422899, upload-time = "2025-07-01T09:13:57.497Z" },
    { url = "https://files.pythonhosted.org/packages/6f/8b/209bd6b62ce8367f47e68a218bffac88888fdf2c9fcf1ecadc6c3ec1ebc7/pillow-11.3.0-pp310-pypy310_pp73-macosx_10_15_x86_64.whl", hash = "sha256:3cee80663f29e3843b68199b9d6f4f54bd1d4a6b59bdd91bceefc51238bcb967", size = 5270556, upload-time = "2025-07-01T09:16:09.961Z" },
    { url = "https://files.pythonhosted.org/packages/2e/e6/231a0b76070c2cfd9e260a7a5b504fb72da0a95279410fa7afd99d9751d6/pillow-11.3.0-pp310-pypy310_pp73-macosx_11_0_arm64.whl", hash = "sha256:b5f56c3f344f2ccaf0dd875d3e180f631dc60a51b314295a3e681fe8cf851fbe", size = 4654625, upload-time = "2025-07-01T09:16:11.913Z" },
    { url = "https://files.pythonhosted.org/packages/13/f4/10cf94fda33cb12765f2397fc285fa6d8eb9c29de7f3185165b702fc7386/pillow-11.3.0-pp310-pypy310_pp73-manylinux2014_aarch64.manylinux_2_17_aarch64.whl", hash = "sha256:e67d793d180c9df62f1f40aee3accca4829d3794c95098887edc18af4b8b780c", size = 4874207, upload-time = "2025-07-03T13:11:10.201Z" },
    { url = "https://files.pythonhosted.org/packages/72/c9/583821097dc691880c92892e8e2d41fe0a5a3d6021f4963371d2f6d57250/pillow-11.3.0-pp310-pypy310_pp73-manylinux2014_x86_64.manylinux_2_17_x86_64.whl", hash = "sha256:d000f46e2917c705e9fb93a3606ee4a819d1e3aa7a9b442f6444f07e77cf5e25", size = 6583939, upload-time = "2025-07-03T13:11:15.68Z" },
    { url = "https://files.pythonhosted.org/packages/3b/8e/5c9d410f9217b12320efc7c413e72693f48468979a013ad17fd690397b9a/pillow-11.3.0-pp310-pypy310_pp73-manylinux_2_27_aarch64.manylinux_2_28_aarch64.whl", hash = "sha256:527b37216b6ac3a12d7838dc3bd75208ec57c1c6d11ef01902266a5a0c14fc27", size = 4957166, upload-time = "2025-07-01T09:16:13.74Z" },
    { url = "https://files.pythonhosted.org/packages/62/bb/78347dbe13219991877ffb3a91bf09da8317fbfcd4b5f9140aeae020ad71/pillow-11.3.0-pp310-pypy310_pp73-manylinux_2_27_x86_64.manylinux_2_28_x86_64.whl", hash = "sha256:be5463ac478b623b9dd3937afd7fb7ab3d79dd290a28e2b6df292dc75063eb8a", size = 5581482, upload-time = "2025-07-01T09:16:16.107Z" },
    { url = "https://files.pythonhosted.org/packages/d9/28/1000353d5e61498aaeaaf7f1e4b49ddb05f2c6575f9d4f9f914a3538b6e1/pillow-11.3.0-pp310-pypy310_pp73-win_amd64.whl", hash = "sha256:8dc70ca24c110503e16918a658b869019126ecfe03109b754c402daff12b3d9f", size = 6984596, upload-time = "2025-07-01T09:16:18.07Z" },
]

[[package]]
name = "pycryptodome"
version = "3.23.0"
source = { registry = "https://pypi.org/simple" }
sdist = { url = "https://files.pythonhosted.org/packages/8e/a6/8452177684d5e906854776276ddd34eca30d1b1e15aa1ee9cefc289a33f5/pycryptodome-3.23.0.tar.gz", hash = "sha256:447700a657182d60338bab09fdb27518f8856aecd80ae4c6bdddb67ff5da44ef", size = 4921276, upload-time = "2025-05-17T17:21:45.242Z" }
wheels = [
    { url = "https://files.pythonhosted.org/packages/db/6c/a1f71542c969912bb0e106f64f60a56cc1f0fabecf9396f45accbe63fa68/pycryptodome-3.23.0-cp37-abi3-macosx_10_9_universal2.whl", hash = "sha256:187058ab80b3281b1de11c2e6842a357a1f71b42cb1e15bce373f3d238135c27", size = 2495627, upload-time = "2025-05-17T17:20:47.139Z" },
    { url = "https://files.pythonhosted.org/packages/6e/4e/a066527e079fc5002390c8acdd3aca431e6ea0a50ffd7201551175b47323/pycryptodome-3.23.0-cp37-abi3-macosx_10_9_x86_64.whl", hash = "sha256:cfb5cd445280c5b0a4e6187a7ce8de5a07b5f3f897f235caa11f1f435f182843", size = 1640362, upload-time = "2025-05-17T17:20:50.392Z" },
    { url = "https://files.pythonhosted.org/packages/50/52/adaf4c8c100a8c49d2bd058e5b551f73dfd8cb89eb4911e25a0c469b6b4e/pycryptodome-3.23.0-cp37-abi3-manylinux_2_17_aarch64.manylinux2014_aarch64.whl", hash = "sha256:67bd81fcbe34f43ad9422ee8fd4843c8e7198dd88dd3d40e6de42ee65fbe1490", size = 2182625, upload-time = "2025-05-17T17:20:52.866Z" },
    { url = "https://files.pythonhosted.org/packages/5f/e9/a09476d436d0ff1402ac3867d933c61805ec2326c6ea557aeeac3825604e/pycryptodome-3.23.0-cp37-abi3-manylinux_2_17_x86_64.manylinux2014_x86_64.whl", hash = "sha256:c8987bd3307a39bc03df5c8e0e3d8be0c4c3518b7f044b0f4c15d1aa78f52575", size = 2268954, upload-time = "2025-05-17T17:20:55.027Z" },
    { url = "https://files.pythonhosted.org/packages/f9/c5/ffe6474e0c551d54cab931918127c46d70cab8f114e0c2b5a3c071c2f484/pycryptodome-3.23.0-cp37-abi3-manylinux_2_5_i686.manylinux1_i686.manylinux_2_17_i686.manylinux2014_i686.whl", hash = "sha256:aa0698f65e5b570426fc31b8162ed4603b0c2841cbb9088e2b01641e3065915b", size = 2308534, upload-time = "2025-05-17T17:20:57.279Z" },
    { url = "https://files.pythonhosted.org/packages/18/28/e199677fc15ecf43010f2463fde4c1a53015d1fe95fb03bca2890836603a/pycryptodome-3.23.0-cp37-abi3-musllinux_1_2_aarch64.whl", hash = "sha256:53ecbafc2b55353edcebd64bf5da94a2a2cdf5090a6915bcca6eca6cc452585a", size = 2181853, upload-time = "2025-05-17T17:20:59.322Z" },
    { url = "https://files.pythonhosted.org/packages/ce/ea/4fdb09f2165ce1365c9eaefef36625583371ee514db58dc9b65d3a255c4c/pycryptodome-3.23.0-cp37-abi3-musllinux_1_2_i686.whl", hash = "sha256:156df9667ad9f2ad26255926524e1c136d6664b741547deb0a86a9acf5ea631f", size = 2342465, upload-time = "2025-05-17T17:21:03.83Z" },
    { url = "https://files.pythonhosted.org/packages/22/82/6edc3fc42fe9284aead511394bac167693fb2b0e0395b28b8bedaa07ef04/pycryptodome-3.23.0-cp37-abi3-musllinux_1_2_x86_64.whl", hash = "sha256:dea827b4d55ee390dc89b2afe5927d4308a8b538ae91d9c6f7a5090f397af1aa", size = 2267414, upload-time = "2025-05-17T17:21:06.72Z" },
    { url = "https://files.pythonhosted.org/packages/59/fe/aae679b64363eb78326c7fdc9d06ec3de18bac68be4b612fc1fe8902693c/pycryptodome-3.23.0-cp37-abi3-win32.whl", hash = "sha256:507dbead45474b62b2bbe318eb1c4c8ee641077532067fec9c1aa82c31f84886", size = 1768484, upload-time = "2025-05-17T17:21:08.535Z" },
    { url = "https://files.pythonhosted.org/packages/54/2f/e97a1b8294db0daaa87012c24a7bb714147c7ade7656973fd6c736b484ff/pycryptodome-3.23.0-cp37-abi3-win_amd64.whl", hash = "sha256:c75b52aacc6c0c260f204cbdd834f76edc9fb0d8e0da9fbf8352ef58202564e2", size = 1799636, upload-time = "2025-05-17T17:21:10.393Z" },
    { url = "https://files.pythonhosted.org/packages/18/3d/f9441a0d798bf2b1e645adc3265e55706aead1255ccdad3856dbdcffec14/pycryptodome-3.23.0-cp37-abi3-win_arm64.whl", hash = "sha256:11eeeb6917903876f134b56ba11abe95c0b0fd5e3330def218083c7d98bbcb3c", size = 1703675, upload-time = "2025-05-17T17:21:13.146Z" },
    { url = "https://files.pythonhosted.org/packages/d9/12/e33935a0709c07de084d7d58d330ec3f4daf7910a18e77937affdb728452/pycryptodome-3.23.0-pp310-pypy310_pp73-macosx_10_15_x86_64.whl", hash = "sha256:ddb95b49df036ddd264a0ad246d1be5b672000f12d6961ea2c267083a5e19379", size = 1623886, upload-time = "2025-05-17T17:21:20.614Z" },
    { url = "https://files.pythonhosted.org/packages/22/0b/aa8f9419f25870889bebf0b26b223c6986652bdf071f000623df11212c90/pycryptodome-3.23.0-pp310-pypy310_pp73-manylinux_2_17_aarch64.manylinux2014_aarch64.whl", hash = "sha256:d8e95564beb8782abfd9e431c974e14563a794a4944c29d6d3b7b5ea042110b4", size = 1672151, upload-time = "2025-05-17T17:21:22.666Z" },
    { url = "https://files.pythonhosted.org/packages/d4/5e/63f5cbde2342b7f70a39e591dbe75d9809d6338ce0b07c10406f1a140cdc/pycryptodome-3.23.0-pp310-pypy310_pp73-manylinux_2_17_x86_64.manylinux2014_x86_64.whl", hash = "sha256:14e15c081e912c4b0d75632acd8382dfce45b258667aa3c67caf7a4d4c13f630", size = 1664461, upload-time = "2025-05-17T17:21:25.225Z" },
    { url = "https://files.pythonhosted.org/packages/d6/92/608fbdad566ebe499297a86aae5f2a5263818ceeecd16733006f1600403c/pycryptodome-3.23.0-pp310-pypy310_pp73-manylinux_2_5_i686.manylinux1_i686.manylinux_2_17_i686.manylinux2014_i686.whl", hash = "sha256:a7fc76bf273353dc7e5207d172b83f569540fc9a28d63171061c42e361d22353", size = 1702440, upload-time = "2025-05-17T17:21:27.991Z" },
    { url = "https://files.pythonhosted.org/packages/d1/92/2eadd1341abd2989cce2e2740b4423608ee2014acb8110438244ee97d7ff/pycryptodome-3.23.0-pp310-pypy310_pp73-win_amd64.whl", hash = "sha256:45c69ad715ca1a94f778215a11e66b7ff989d792a4d63b68dc586a1da1392ff5", size = 1803005, upload-time = "2025-05-17T17:21:31.37Z" },
]

[[package]]
name = "pygments"
version = "2.19.2"
source = { registry = "https://pypi.org/simple" }
sdist = { url = "https://files.pythonhosted.org/packages/b0/77/a5b8c569bf593b0140bde72ea885a803b82086995367bf2037de0159d924/pygments-2.19.2.tar.gz", hash = "sha256:636cb2477cec7f8952536970bc533bc43743542f70392ae026374600add5b887", size = 4968631, upload-time = "2025-06-21T13:39:12.283Z" }
wheels = [
    { url = "https://files.pythonhosted.org/packages/c7/21/705964c7812476f378728bdf590ca4b771ec72385c533964653c68e86bdc/pygments-2.19.2-py3-none-any.whl", hash = "sha256:86540386c03d588bb81d44bc3928634ff26449851e99741617ecb9037ee5ec0b", size = 1225217, upload-time = "2025-06-21T13:39:07.939Z" },
]

[[package]]
name = "python-dateutil"
version = "2.9.0.post0"
source = { registry = "https://pypi.org/simple" }
dependencies = [
    { name = "six" },
]
sdist = { url = "https://files.pythonhosted.org/packages/66/c0/0c8b6ad9f17a802ee498c46e004a0eb49bc148f2fd230864601a86dcf6db/python-dateutil-2.9.0.post0.tar.gz", hash = "sha256:37dd54208da7e1cd875388217d5e00ebd4179249f90fb72437e91a35459a0ad3", size = 342432, upload-time = "2024-03-01T18:36:20.211Z" }
wheels = [
    { url = "https://files.pythonhosted.org/packages/ec/57/56b9bcc3c9c6a792fcbaf139543cee77261f3651ca9da0c93f5c1221264b/python_dateutil-2.9.0.post0-py2.py3-none-any.whl", hash = "sha256:a8b2bc7bffae282281c8140a97d3aa9c14da0b136dfe83f850eea9a5f7470427", size = 229892, upload-time = "2024-03-01T18:36:18.57Z" },
]

[[package]]
name = "rich"
version = "14.1.0"
source = { registry = "https://pypi.org/simple" }
dependencies = [
    { name = "markdown-it-py" },
    { name = "pygments" },
]
sdist = { url = "https://files.pythonhosted.org/packages/fe/75/af448d8e52bf1d8fa6a9d089ca6c07ff4453d86c65c145d0a300bb073b9b/rich-14.1.0.tar.gz", hash = "sha256:e497a48b844b0320d45007cdebfeaeed8db2a4f4bcf49f15e455cfc4af11eaa8", size = 224441, upload-time = "2025-07-25T07:32:58.125Z" }
wheels = [
    { url = "https://files.pythonhosted.org/packages/e3/30/3c4d035596d3cf444529e0b2953ad0466f6049528a879d27534700580395/rich-14.1.0-py3-none-any.whl", hash = "sha256:536f5f1785986d6dbdea3c75205c473f970777b4a0d6c6dd1b696aa05a3fa04f", size = 243368, upload-time = "2025-07-25T07:32:56.73Z" },
]

[[package]]
name = "six"
version = "1.17.0"
source = { registry = "https://pypi.org/simple" }
sdist = { url = "https://files.pythonhosted.org/packages/94/e7/b2c673351809dca68a0e064b6af791aa332cf192da575fd474ed7d6f16a2/six-1.17.0.tar.gz", hash = "sha256:ff70335d468e7eb6ec65b95b99d3a2836546063f63acc5171de367e834932a81", size = 34031, upload-time = "2024-12-04T17:35:28.174Z" }
wheels = [
    { url = "https://files.pythonhosted.org/packages/b7/ce/149a00dd41f10bc29e5921b496af8b574d8413afcd5e30dfa0ed46c2cc5e/six-1.17.0-py2.py3-none-any.whl", hash = "sha256:4721f391ed90541fddacab5acf947aa0d3dc7d27b2e1e8eda2be8970586c3274", size = 11050, upload-time = "2024-12-04T17:35:26.475Z" },
]
